
Microsoft Visual Studio Solution File, Format Version 12.00
# Visual Studio Version 17
VisualStudioVersion = 17.7.34031.279
MinimumVisualStudioVersion = 10.0.40219.1
Project("{FAE04EC0-301F-11D3-BF4B-00C04F79EFBC}") = "Laba 2", "Laba 2\Laba 2.csproj", "{5ABCC581-6A82-41E0-9BBE-37700DEE0435}"
EndProject
Global
	GlobalSection(SolutionConfigurationPlatforms) = preSolution
		Debug|Any CPU = Debug|Any CPU
		Release|Any CPU = Release|Any CPU
	EndGlobalSection
	GlobalSection(ProjectConfigurationPlatforms) = postSolution
		{5ABCC581-6A82-41E0-9BBE-37700DEE0435}.Debug|Any CPU.ActiveCfg = Debug|Any CPU
		{5ABCC581-6A82-41E0-9BBE-37700DEE0435}.Debug|Any CPU.Build.0 = Debug|Any CPU
		{5ABCC581-6A82-41E0-9BBE-37700DEE0435}.Release|Any CPU.ActiveCfg = Release|Any CPU
		{5ABCC581-6A82-41E0-9BBE-37700DEE0435}.Release|Any CPU.Build.0 = Release|Any CPU
	EndGlobalSection
	GlobalSection(SolutionProperties) = preSolution
		HideSolutionNode = FALSE
	EndGlobalSection
	GlobalSection(ExtensibilityGlobals) = postSolution
		SolutionGuid = {460CE69A-FDAB-4DDE-80AE-2D50A887BE21}
	EndGlobalSection
EndGlobal
